
Microsoft Visual Studio Solution File, Format Version 12.00
# Visual Studio Version 16
VisualStudioVersion = 16.0.30204.135
MinimumVisualStudioVersion = 10.0.40219.1
Project("{9A19103F-16F7-4668-BE54-9A1E7A4F7556}") = "FairyBread", "FairyBread\FairyBread.csproj", "{C578F241-1F67-409D-9E2C-72D3D3498A23}"
EndProject
Project("{9A19103F-16F7-4668-BE54-9A1E7A4F7556}") = "FairyBread.Tests", "FairyBread.Tests\FairyBread.Tests.csproj", "{7F05D2A5-02E2-42D8-A312-C1992DEF8287}"
EndProject
Project("{2150E333-8FDC-42A3-9474-1A3956D46DE8}") = ".Solution Files", ".Solution Files", "{C2212B07-9BBD-4441-93BD-F12250831ECA}"
	ProjectSection(SolutionItems) = preProject
		.gitignore = .gitignore
		Directory.Build.props = Directory.Build.props
		..\README.md = ..\README.md
	EndProjectSection
EndProject
Global
	GlobalSection(SolutionConfigurationPlatforms) = preSolution
		Debug|Any CPU = Debug|Any CPU
		Release|Any CPU = Release|Any CPU
	EndGlobalSection
	GlobalSection(ProjectConfigurationPlatforms) = postSolution
		{C578F241-1F67-409D-9E2C-72D3D3498A23}.Debug|Any CPU.ActiveCfg = Debug|Any CPU
		{C578F241-1F67-409D-9E2C-72D3D3498A23}.Debug|Any CPU.Build.0 = Debug|Any CPU
		{C578F241-1F67-409D-9E2C-72D3D3498A23}.Release|Any CPU.ActiveCfg = Release|Any CPU
		{C578F241-1F67-409D-9E2C-72D3D3498A23}.Release|Any CPU.Build.0 = Release|Any CPU
		{7F05D2A5-02E2-42D8-A312-C1992DEF8287}.Debug|Any CPU.ActiveCfg = Debug|Any CPU
		{7F05D2A5-02E2-42D8-A312-C1992DEF8287}.Debug|Any CPU.Build.0 = Debug|Any CPU
		{7F05D2A5-02E2-42D8-A312-C1992DEF8287}.Release|Any CPU.ActiveCfg = Release|Any CPU
		{7F05D2A5-02E2-42D8-A312-C1992DEF8287}.Release|Any CPU.Build.0 = Release|Any CPU
	EndGlobalSection
	GlobalSection(SolutionProperties) = preSolution
		HideSolutionNode = FALSE
	EndGlobalSection
	GlobalSection(ExtensibilityGlobals) = postSolution
		SolutionGuid = {4CD3C5AF-C3A4-4122-A145-3B7BA74B4130}
	EndGlobalSection
EndGlobal
